
Microsoft Visual Studio Solution File, Format Version 12.00
# Visual Studio Version 16
VisualStudioVersion = 16.0.29509.3
MinimumVisualStudioVersion = 10.0.40219.1
Project("{FAE04EC0-301F-11D3-BF4B-00C04F79EFBC}") = "Snake", "Snake.csproj", "{A3C78744-E7BC-4FDE-9342-4F4760355CED}"
EndProject
Global
	GlobalSection(SolutionConfigurationPlatforms) = preSolution
		Debug|Any CPU = Debug|Any CPU
		Release|Any CPU = Release|Any CPU
	EndGlobalSection
	GlobalSection(ProjectConfigurationPlatforms) = postSolution
		{A3C78744-E7BC-4FDE-9342-4F4760355CED}.Debug|Any CPU.ActiveCfg = Debug|Any CPU
		{A3C78744-E7BC-4FDE-9342-4F4760355CED}.Debug|Any CPU.Build.0 = Debug|Any CPU
		{A3C78744-E7BC-4FDE-9342-4F4760355CED}.Release|Any CPU.ActiveCfg = Release|Any CPU
		{A3C78744-E7BC-4FDE-9342-4F4760355CED}.Release|Any CPU.Build.0 = Release|Any CPU
	EndGlobalSection
	GlobalSection(SolutionProperties) = preSolution
		HideSolutionNode = FALSE
	EndGlobalSection
	GlobalSection(ExtensibilityGlobals) = postSolution
		SolutionGuid = {11AD4643-F9A4-4FB8-BDA5-C1B0EE04349F}
	EndGlobalSection
EndGlobal
